
Microsoft Visual Studio Solution File, Format Version 12.00
# Visual Studio 15
Project("{FAE04EC0-301F-11D3-BF4B-00C04F79EFBC}") = "Assembly-CSharp", "Assembly-CSharp.csproj", "{C3071FEE-DF26-6173-EC89-3850D8C6EC82}"
EndProject
Project("{FAE04EC0-301F-11D3-BF4B-00C04F79EFBC}") = "Assembly-CSharp-Editor", "Assembly-CSharp-Editor.csproj", "{45588946-1DF0-1C54-AA84-D0B8C2D8518A}"
EndProject
Global
	GlobalSection(SolutionConfigurationPlatforms) = preSolution
		Debug|Any CPU = Debug|Any CPU
		Release|Any CPU = Release|Any CPU
	EndGlobalSection
	GlobalSection(ProjectConfigurationPlatforms) = postSolution
		{C3071FEE-DF26-6173-EC89-3850D8C6EC82}.Debug|Any CPU.ActiveCfg = Debug|Any CPU
		{C3071FEE-DF26-6173-EC89-3850D8C6EC82}.Debug|Any CPU.Build.0 = Debug|Any CPU
		{C3071FEE-DF26-6173-EC89-3850D8C6EC82}.Release|Any CPU.ActiveCfg = Release|Any CPU
		{C3071FEE-DF26-6173-EC89-3850D8C6EC82}.Release|Any CPU.Build.0 = Release|Any CPU
		{45588946-1DF0-1C54-AA84-D0B8C2D8518A}.Debug|Any CPU.ActiveCfg = Debug|Any CPU
		{45588946-1DF0-1C54-AA84-D0B8C2D8518A}.Debug|Any CPU.Build.0 = Debug|Any CPU
		{45588946-1DF0-1C54-AA84-D0B8C2D8518A}.Release|Any CPU.ActiveCfg = Release|Any CPU
		{45588946-1DF0-1C54-AA84-D0B8C2D8518A}.Release|Any CPU.Build.0 = Release|Any CPU
	EndGlobalSection
	GlobalSection(SolutionProperties) = preSolution
		HideSolutionNode = FALSE
	EndGlobalSection
EndGlobal
